
Microsoft Visual Studio Solution File, Format Version 12.00
# Visual Studio Version 17
VisualStudioVersion = 17.11.35219.272
MinimumVisualStudioVersion = 10.0.40219.1
Project("{2150E333-8FDC-42A3-9474-1A3956D46DE8}") = ".Solution Files", ".Solution Files", "{41500286-EC99-4144-8C50-FA625976875B}"
	ProjectSection(SolutionItems) = preProject
		.gitignore = .gitignore
		Directory.Build.props = Directory.Build.props
		Directory.Packages.props = Directory.Packages.props
		src\doctratis.d3 = src\doctratis.d3
		LICENSE = LICENSE
		nuget.config = nuget.config
		README.md = README.md
	EndProjectSection
EndProject
Project("{2150E333-8FDC-42A3-9474-1A3956D46DE8}") = "TemplateManagement", "TemplateManagement", "{65DBD68F-F13D-4F6A-919F-2D3E385359C3}"
	ProjectSection(SolutionItems) = preProject
		src\TemplateManagement\Projects.d3 = src\TemplateManagement\Projects.d3
	EndProjectSection
EndProject
Project("{2150E333-8FDC-42A3-9474-1A3956D46DE8}") = "Projects", "Projects", "{8EBD88BD-D408-4ADD-A942-FBF05D28DDAD}"
EndProject
Project("{FAE04EC0-301F-11D3-BF4B-00C04F79EFBC}") = "TemplateManagement.Service", "src\TemplateManagement\Service\TemplateManagement.Service.csproj", "{671CD9B4-A606-65CB-FF18-DFCE46A19442}"
EndProject
Project("{FAE04EC0-301F-11D3-BF4B-00C04F79EFBC}") = "TemplateManagement.Projects.Interfaces", "src\TemplateManagement\Projects\Interfaces\TemplateManagement.Projects.Interfaces.csproj", "{99046452-2502-15EB-3A85-1FCA0E4AB93A}"
EndProject
Project("{FAE04EC0-301F-11D3-BF4B-00C04F79EFBC}") = "TemplateManagement.Projects.Models", "src\TemplateManagement\Projects\Models\TemplateManagement.Projects.Models.csproj", "{BB6A68B7-A018-BB9F-1E32-9FCEA2624890}"
EndProject
Project("{FAE04EC0-301F-11D3-BF4B-00C04F79EFBC}") = "TemplateManagement.Projects.InternalClient", "src\TemplateManagement\Projects\InternalClient\TemplateManagement.Projects.InternalClient.csproj", "{5ECF7476-A56A-D981-6AAE-2AF747E86520}"
EndProject
Project("{FAE04EC0-301F-11D3-BF4B-00C04F79EFBC}") = "TemplateManagement.Projects.Context", "src\TemplateManagement\Projects\Context\TemplateManagement.Projects.Context.csproj", "{94BDFB34-0194-4E79-B808-68CDC8F54DA3}"
EndProject
Project("{2150E333-8FDC-42A3-9474-1A3956D46DE8}") = "Core", "Core", "{8D626EA8-CB54-BC41-363A-217881BEBA6E}"
EndProject
Project("{2150E333-8FDC-42A3-9474-1A3956D46DE8}") = "Auditing", "Auditing", "{7EC4D6F1-B4B6-199C-8912-AB86C15D4947}"
	ProjectSection(SolutionItems) = preProject
		src\Core\Auditing.d3 = src\Core\Auditing.d3
	EndProjectSection
EndProject
Project("{FAE04EC0-301F-11D3-BF4B-00C04F79EFBC}") = "Core.Auditing.Models", "src\Core\Auditing\Models\Core.Auditing.Models.csproj", "{95D0A274-C906-47F5-A0A3-D83A9CACCF2E}"
EndProject
Project("{FAE04EC0-301F-11D3-BF4B-00C04F79EFBC}") = "Core.Auditing.Worker", "src\Core\Auditing\Worker\Core.Auditing.Worker.csproj", "{DB1B1ECE-3654-4C80-95E4-067C3530721D}"
EndProject
Project("{2150E333-8FDC-42A3-9474-1A3956D46DE8}") = "ApiClientKit", "ApiClientKit", "{B5512AA7-7B9B-1802-74DB-5DED17EB80F5}"
EndProject
Project("{FAE04EC0-301F-11D3-BF4B-00C04F79EFBC}") = "BFF.ApiClientKit", "src\ApiClientKit\BFF\BFF.ApiClientKit.csproj", "{0F5A664F-276F-4F0B-885B-9E7D4C955EF0}"
EndProject
Project("{FAE04EC0-301F-11D3-BF4B-00C04F79EFBC}") = "Admin.ApiClientKit", "src\ApiClientKit\Admin\Admin.ApiClientKit.csproj", "{6AED19E8-CC53-0AD0-E754-F161E2FCC6AF}"
EndProject
Project("{2150E333-8FDC-42A3-9474-1A3956D46DE8}") = "Base", "Base", "{2CDDF983-CE19-4E54-B9EE-AD516C61A0EC}"
	ProjectSection(SolutionItems) = preProject
		src\Core\Base.d3 = src\Core\Base.d3
	EndProjectSection
EndProject
Project("{FAE04EC0-301F-11D3-BF4B-00C04F79EFBC}") = "Core.Base.Models", "src\Core\Base\Models\Core.Base.Models.csproj", "{74A985A2-E213-4BC6-843B-217D102A3D5C}"
EndProject
Project("{FAE04EC0-301F-11D3-BF4B-00C04F79EFBC}") = "Core.Base.Agents", "src\Core\Base\Agents\Core.Base.Agents.csproj", "{AFA3C890-1DA3-FF08-3D4A-78CC837750C4}"
EndProject
Project("{FAE04EC0-301F-11D3-BF4B-00C04F79EFBC}") = "IAM.Identities.Models", "src\IAM\Identities\Models\IAM.Identities.Models.csproj", "{1B368A05-901A-45BE-9804-AB5DDF1DAB5E}"
EndProject
Project("{FAE04EC0-301F-11D3-BF4B-00C04F79EFBC}") = "IAM.Identities.Interfaces", "src\IAM\Identities\Interfaces\IAM.Identities.Interfaces.csproj", "{9B154AA8-3AA7-4660-9991-0C57C6CB853B}"
EndProject
Project("{FAE04EC0-301F-11D3-BF4B-00C04F79EFBC}") = "IAM.Identities.InternalClient", "src\IAM\Identities\InternalClient\IAM.Identities.InternalClient.csproj", "{4F082DF5-FC58-4DA3-AAE0-99DC9950FF2B}"
EndProject
Project("{FAE04EC0-301F-11D3-BF4B-00C04F79EFBC}") = "IAM.Identities.Context", "src\IAM\Identities\Context\IAM.Identities.Context.csproj", "{09433C59-1890-43DC-84A7-B84D61156BB4}"
EndProject
Project("{FAE04EC0-301F-11D3-BF4B-00C04F79EFBC}") = "IAM.Service", "src\IAM\Service\IAM.Service.csproj", "{15A55916-0CF7-41F4-B6A8-0A9F79D63014}"
EndProject
Project("{2150E333-8FDC-42A3-9474-1A3956D46DE8}") = "IAM", "IAM", "{D400ABC1-9CDA-49C9-A359-643C156A482B}"
	ProjectSection(SolutionItems) = preProject
		src\IAM\Access.d3 = src\IAM\Access.d3
		src\IAM\Identities.d3 = src\IAM\Identities.d3
	EndProjectSection
EndProject
Project("{2150E333-8FDC-42A3-9474-1A3956D46DE8}") = "Identities", "Identities", "{C2CC73F8-5E64-453D-A776-FC272CC96C3C}"
EndProject
Project("{2150E333-8FDC-42A3-9474-1A3956D46DE8}") = "Client", "Client", "{02EA681E-C7D8-13C7-8484-4AC65E1B71E8}"
EndProject
Project("{2150E333-8FDC-42A3-9474-1A3956D46DE8}") = "deployment", "deployment", "{8EA60131-525E-48DF-B185-DA39D71B98A6}"
	ProjectSection(SolutionItems) = preProject
		deployment\Dockerfile = deployment\Dockerfile
		deployment\readme.md = deployment\readme.md
	EndProjectSection
EndProject
Project("{2150E333-8FDC-42A3-9474-1A3956D46DE8}") = "kong", "kong", "{95CFD9E7-C394-48AC-9D21-0EFCB6906B26}"
	ProjectSection(SolutionItems) = preProject
		deployment\kong\ingress.yaml = deployment\kong\ingress.yaml
		deployment\kong\kong-metrics-service.yaml = deployment\kong\kong-metrics-service.yaml
		deployment\kong\kong-prometheus-plugin.yaml = deployment\kong\kong-prometheus-plugin.yaml
		deployment\kong\ui-paths.yaml = deployment\kong\ui-paths.yaml
		deployment\kong\values.yaml = deployment\kong\values.yaml
	EndProjectSection
EndProject
Project("{2150E333-8FDC-42A3-9474-1A3956D46DE8}") = "docratis-services", "docratis-services", "{E0A97513-5AAE-48F4-9003-A20590D17987}"
	ProjectSection(SolutionItems) = preProject
		deployment\docratis-services\.helmignore = deployment\docratis-services\.helmignore
		deployment\docratis-services\Chart.yaml = deployment\docratis-services\Chart.yaml
		deployment\docratis-services\values.yaml = deployment\docratis-services\values.yaml
	EndProjectSection
EndProject
Project("{2150E333-8FDC-42A3-9474-1A3956D46DE8}") = "templates", "templates", "{9829B496-9192-4C63-818D-3215BEEC6C95}"
	ProjectSection(SolutionItems) = preProject
		deployment\docratis-services\templates\deployment.yaml = deployment\docratis-services\templates\deployment.yaml
		deployment\docratis-services\templates\ingress.yaml = deployment\docratis-services\templates\ingress.yaml
		deployment\docratis-services\templates\NOTES.txt = deployment\docratis-services\templates\NOTES.txt
		deployment\docratis-services\templates\service.yaml = deployment\docratis-services\templates\service.yaml
		deployment\docratis-services\templates\serviceaccount.yaml = deployment\docratis-services\templates\serviceaccount.yaml
		deployment\docratis-services\templates\_helpers.tpl = deployment\docratis-services\templates\_helpers.tpl
	EndProjectSection
EndProject
Project("{2150E333-8FDC-42A3-9474-1A3956D46DE8}") = "monitoring", "monitoring", "{5BC93B6D-01A6-4149-B26F-E99697576B88}"
	ProjectSection(SolutionItems) = preProject
		deployment\monitoring\values.yaml = deployment\monitoring\values.yaml
	EndProjectSection
EndProject
Project("{FAE04EC0-301F-11D3-BF4B-00C04F79EFBC}") = "IAM.Identities.Tests", "tests\IAM.Identities.Tests\IAM.Identities.Tests.csproj", "{47799AD4-4AFF-B680-00A8-C86E97DB8D8A}"
EndProject
Project("{2150E333-8FDC-42A3-9474-1A3956D46DE8}") = "Test", "Test", "{FDEA5C75-B353-4453-8049-848975D82BB2}"
EndProject
Project("{FAE04EC0-301F-11D3-BF4B-00C04F79EFBC}") = "Core.Test", "tests\Core.Test\Core.Test.csproj", "{F92EC5FC-52BB-38DB-831A-C00CA72CFF08}"
EndProject
Project("{54A90642-561A-4BB1-A94E-469ADEE60C69}") = "admin.api.package.ts", "src\Client\admin.api.package.ts\admin.api.package.ts.esproj", "{83A27A49-009E-0782-A40B-B2D8ED70DA0A}"
EndProject
Project("{54A90642-561A-4BB1-A94E-469ADEE60C69}") = "admin.app.react", "src\Client\admin.app.react\admin.app.react.esproj", "{0BE54E42-210C-9D49-CB45-6A688B20CA5C}"
EndProject
Project("{54A90642-561A-4BB1-A94E-469ADEE60C69}") = "bff.api.package.ts", "src\Client\bff.api.package.ts\bff.api.package.ts.esproj", "{CE78B057-AC6E-F870-96C8-DAF1A484BF0D}"
EndProject
Project("{54A90642-561A-4BB1-A94E-469ADEE60C69}") = "client.react.app", "src\Client\client.react.app\client.react.app.esproj", "{32E89261-929C-1752-22B1-39E773A6A1E5}"
EndProject
Project("{54A90642-561A-4BB1-A94E-469ADEE60C69}") = "ui.package.react", "src\Client\ui.package.react\ui.package.react.esproj", "{7230166C-27AE-BCC1-3F06-47537C2FD724}"
EndProject
Project("{54A90642-561A-4BB1-A94E-469ADEE60C69}") = "test.app.react", "src\Client\test.app.react\test.app.react.esproj", "{A43274DA-FDFE-2D69-B60D-07826D881AD5}"
EndProject
Project("{FAE04EC0-301F-11D3-BF4B-00C04F79EFBC}") = "deployment", "deployment\deployment.csproj", "{E4BE8C23-953B-D17B-9311-77A97F07A64C}"
EndProject
Global
	GlobalSection(SolutionConfigurationPlatforms) = preSolution
		Debug|Any CPU = Debug|Any CPU
		Debug|x64 = Debug|x64
		Debug|x86 = Debug|x86
		Release|Any CPU = Release|Any CPU
		Release|x64 = Release|x64
		Release|x86 = Release|x86
	EndGlobalSection
	GlobalSection(ProjectConfigurationPlatforms) = postSolution
		{671CD9B4-A606-65CB-FF18-DFCE46A19442}.Debug|Any CPU.ActiveCfg = Debug|Any CPU
		{671CD9B4-A606-65CB-FF18-DFCE46A19442}.Debug|Any CPU.Build.0 = Debug|Any CPU
		{671CD9B4-A606-65CB-FF18-DFCE46A19442}.Debug|x64.ActiveCfg = Debug|Any CPU
		{671CD9B4-A606-65CB-FF18-DFCE46A19442}.Debug|x64.Build.0 = Debug|Any CPU
		{671CD9B4-A606-65CB-FF18-DFCE46A19442}.Debug|x86.ActiveCfg = Debug|Any CPU
		{671CD9B4-A606-65CB-FF18-DFCE46A19442}.Debug|x86.Build.0 = Debug|Any CPU
		{671CD9B4-A606-65CB-FF18-DFCE46A19442}.Release|Any CPU.ActiveCfg = Release|Any CPU
		{671CD9B4-A606-65CB-FF18-DFCE46A19442}.Release|Any CPU.Build.0 = Release|Any CPU
		{671CD9B4-A606-65CB-FF18-DFCE46A19442}.Release|x64.ActiveCfg = Release|Any CPU
		{671CD9B4-A606-65CB-FF18-DFCE46A19442}.Release|x64.Build.0 = Release|Any CPU
		{671CD9B4-A606-65CB-FF18-DFCE46A19442}.Release|x86.ActiveCfg = Release|Any CPU
		{671CD9B4-A606-65CB-FF18-DFCE46A19442}.Release|x86.Build.0 = Release|Any CPU
		{99046452-2502-15EB-3A85-1FCA0E4AB93A}.Debug|Any CPU.ActiveCfg = Debug|Any CPU
		{99046452-2502-15EB-3A85-1FCA0E4AB93A}.Debug|Any CPU.Build.0 = Debug|Any CPU
		{99046452-2502-15EB-3A85-1FCA0E4AB93A}.Debug|x64.ActiveCfg = Debug|Any CPU
		{99046452-2502-15EB-3A85-1FCA0E4AB93A}.Debug|x64.Build.0 = Debug|Any CPU
		{99046452-2502-15EB-3A85-1FCA0E4AB93A}.Debug|x86.ActiveCfg = Debug|Any CPU
		{99046452-2502-15EB-3A85-1FCA0E4AB93A}.Debug|x86.Build.0 = Debug|Any CPU
		{99046452-2502-15EB-3A85-1FCA0E4AB93A}.Release|Any CPU.ActiveCfg = Release|Any CPU
		{99046452-2502-15EB-3A85-1FCA0E4AB93A}.Release|Any CPU.Build.0 = Release|Any CPU
		{99046452-2502-15EB-3A85-1FCA0E4AB93A}.Release|x64.ActiveCfg = Release|Any CPU
		{99046452-2502-15EB-3A85-1FCA0E4AB93A}.Release|x64.Build.0 = Release|Any CPU
		{99046452-2502-15EB-3A85-1FCA0E4AB93A}.Release|x86.ActiveCfg = Release|Any CPU
		{99046452-2502-15EB-3A85-1FCA0E4AB93A}.Release|x86.Build.0 = Release|Any CPU
		{BB6A68B7-A018-BB9F-1E32-9FCEA2624890}.Debug|Any CPU.ActiveCfg = Debug|Any CPU
		{BB6A68B7-A018-BB9F-1E32-9FCEA2624890}.Debug|Any CPU.Build.0 = Debug|Any CPU
		{BB6A68B7-A018-BB9F-1E32-9FCEA2624890}.Debug|x64.ActiveCfg = Debug|Any CPU
		{BB6A68B7-A018-BB9F-1E32-9FCEA2624890}.Debug|x64.Build.0 = Debug|Any CPU
		{BB6A68B7-A018-BB9F-1E32-9FCEA2624890}.Debug|x86.ActiveCfg = Debug|Any CPU
		{BB6A68B7-A018-BB9F-1E32-9FCEA2624890}.Debug|x86.Build.0 = Debug|Any CPU
		{BB6A68B7-A018-BB9F-1E32-9FCEA2624890}.Release|Any CPU.ActiveCfg = Release|Any CPU
		{BB6A68B7-A018-BB9F-1E32-9FCEA2624890}.Release|Any CPU.Build.0 = Release|Any CPU
		{BB6A68B7-A018-BB9F-1E32-9FCEA2624890}.Release|x64.ActiveCfg = Release|Any CPU
		{BB6A68B7-A018-BB9F-1E32-9FCEA2624890}.Release|x64.Build.0 = Release|Any CPU
		{BB6A68B7-A018-BB9F-1E32-9FCEA2624890}.Release|x86.ActiveCfg = Release|Any CPU
		{BB6A68B7-A018-BB9F-1E32-9FCEA2624890}.Release|x86.Build.0 = Release|Any CPU
		{5ECF7476-A56A-D981-6AAE-2AF747E86520}.Debug|Any CPU.ActiveCfg = Debug|Any CPU
		{5ECF7476-A56A-D981-6AAE-2AF747E86520}.Debug|Any CPU.Build.0 = Debug|Any CPU
		{5ECF7476-A56A-D981-6AAE-2AF747E86520}.Debug|x64.ActiveCfg = Debug|Any CPU
		{5ECF7476-A56A-D981-6AAE-2AF747E86520}.Debug|x64.Build.0 = Debug|Any CPU
		{5ECF7476-A56A-D981-6AAE-2AF747E86520}.Debug|x86.ActiveCfg = Debug|Any CPU
		{5ECF7476-A56A-D981-6AAE-2AF747E86520}.Debug|x86.Build.0 = Debug|Any CPU
		{5ECF7476-A56A-D981-6AAE-2AF747E86520}.Release|Any CPU.ActiveCfg = Release|Any CPU
		{5ECF7476-A56A-D981-6AAE-2AF747E86520}.Release|Any CPU.Build.0 = Release|Any CPU
		{5ECF7476-A56A-D981-6AAE-2AF747E86520}.Release|x64.ActiveCfg = Release|Any CPU
		{5ECF7476-A56A-D981-6AAE-2AF747E86520}.Release|x64.Build.0 = Release|Any CPU
		{5ECF7476-A56A-D981-6AAE-2AF747E86520}.Release|x86.ActiveCfg = Release|Any CPU
		{5ECF7476-A56A-D981-6AAE-2AF747E86520}.Release|x86.Build.0 = Release|Any CPU
		{94BDFB34-0194-4E79-B808-68CDC8F54DA3}.Debug|Any CPU.ActiveCfg = Debug|Any CPU
		{94BDFB34-0194-4E79-B808-68CDC8F54DA3}.Debug|Any CPU.Build.0 = Debug|Any CPU
		{94BDFB34-0194-4E79-B808-68CDC8F54DA3}.Debug|x64.ActiveCfg = Debug|Any CPU
		{94BDFB34-0194-4E79-B808-68CDC8F54DA3}.Debug|x64.Build.0 = Debug|Any CPU
		{94BDFB34-0194-4E79-B808-68CDC8F54DA3}.Debug|x86.ActiveCfg = Debug|Any CPU
		{94BDFB34-0194-4E79-B808-68CDC8F54DA3}.Debug|x86.Build.0 = Debug|Any CPU
		{94BDFB34-0194-4E79-B808-68CDC8F54DA3}.Release|Any CPU.ActiveCfg = Release|Any CPU
		{94BDFB34-0194-4E79-B808-68CDC8F54DA3}.Release|Any CPU.Build.0 = Release|Any CPU
		{94BDFB34-0194-4E79-B808-68CDC8F54DA3}.Release|x64.ActiveCfg = Release|Any CPU
		{94BDFB34-0194-4E79-B808-68CDC8F54DA3}.Release|x64.Build.0 = Release|Any CPU
		{94BDFB34-0194-4E79-B808-68CDC8F54DA3}.Release|x86.ActiveCfg = Release|Any CPU
		{94BDFB34-0194-4E79-B808-68CDC8F54DA3}.Release|x86.Build.0 = Release|Any CPU
		{95D0A274-C906-47F5-A0A3-D83A9CACCF2E}.Debug|Any CPU.ActiveCfg = Debug|Any CPU
		{95D0A274-C906-47F5-A0A3-D83A9CACCF2E}.Debug|Any CPU.Build.0 = Debug|Any CPU
		{95D0A274-C906-47F5-A0A3-D83A9CACCF2E}.Debug|x64.ActiveCfg = Debug|Any CPU
		{95D0A274-C906-47F5-A0A3-D83A9CACCF2E}.Debug|x64.Build.0 = Debug|Any CPU
		{95D0A274-C906-47F5-A0A3-D83A9CACCF2E}.Debug|x86.ActiveCfg = Debug|Any CPU
		{95D0A274-C906-47F5-A0A3-D83A9CACCF2E}.Debug|x86.Build.0 = Debug|Any CPU
		{95D0A274-C906-47F5-A0A3-D83A9CACCF2E}.Release|Any CPU.ActiveCfg = Release|Any CPU
		{95D0A274-C906-47F5-A0A3-D83A9CACCF2E}.Release|Any CPU.Build.0 = Release|Any CPU
		{95D0A274-C906-47F5-A0A3-D83A9CACCF2E}.Release|x64.ActiveCfg = Release|Any CPU
		{95D0A274-C906-47F5-A0A3-D83A9CACCF2E}.Release|x64.Build.0 = Release|Any CPU
		{95D0A274-C906-47F5-A0A3-D83A9CACCF2E}.Release|x86.ActiveCfg = Release|Any CPU
		{95D0A274-C906-47F5-A0A3-D83A9CACCF2E}.Release|x86.Build.0 = Release|Any CPU
		{DB1B1ECE-3654-4C80-95E4-067C3530721D}.Debug|Any CPU.ActiveCfg = Debug|Any CPU
		{DB1B1ECE-3654-4C80-95E4-067C3530721D}.Debug|Any CPU.Build.0 = Debug|Any CPU
		{DB1B1ECE-3654-4C80-95E4-067C3530721D}.Debug|x64.ActiveCfg = Debug|Any CPU
		{DB1B1ECE-3654-4C80-95E4-067C3530721D}.Debug|x64.Build.0 = Debug|Any CPU
		{DB1B1ECE-3654-4C80-95E4-067C3530721D}.Debug|x86.ActiveCfg = Debug|Any CPU
		{DB1B1ECE-3654-4C80-95E4-067C3530721D}.Debug|x86.Build.0 = Debug|Any CPU
		{DB1B1ECE-3654-4C80-95E4-067C3530721D}.Release|Any CPU.ActiveCfg = Release|Any CPU
		{DB1B1ECE-3654-4C80-95E4-067C3530721D}.Release|Any CPU.Build.0 = Release|Any CPU
		{DB1B1ECE-3654-4C80-95E4-067C3530721D}.Release|x64.ActiveCfg = Release|Any CPU
		{DB1B1ECE-3654-4C80-95E4-067C3530721D}.Release|x64.Build.0 = Release|Any CPU
		{DB1B1ECE-3654-4C80-95E4-067C3530721D}.Release|x86.ActiveCfg = Release|Any CPU
		{DB1B1ECE-3654-4C80-95E4-067C3530721D}.Release|x86.Build.0 = Release|Any CPU
		{0F5A664F-276F-4F0B-885B-9E7D4C955EF0}.Debug|Any CPU.ActiveCfg = Debug|Any CPU
		{0F5A664F-276F-4F0B-885B-9E7D4C955EF0}.Debug|Any CPU.Build.0 = Debug|Any CPU
		{0F5A664F-276F-4F0B-885B-9E7D4C955EF0}.Debug|x64.ActiveCfg = Debug|Any CPU
		{0F5A664F-276F-4F0B-885B-9E7D4C955EF0}.Debug|x64.Build.0 = Debug|Any CPU
		{0F5A664F-276F-4F0B-885B-9E7D4C955EF0}.Debug|x86.ActiveCfg = Debug|Any CPU
		{0F5A664F-276F-4F0B-885B-9E7D4C955EF0}.Debug|x86.Build.0 = Debug|Any CPU
		{0F5A664F-276F-4F0B-885B-9E7D4C955EF0}.Release|Any CPU.ActiveCfg = Release|Any CPU
		{0F5A664F-276F-4F0B-885B-9E7D4C955EF0}.Release|Any CPU.Build.0 = Release|Any CPU
		{0F5A664F-276F-4F0B-885B-9E7D4C955EF0}.Release|x64.ActiveCfg = Release|Any CPU
		{0F5A664F-276F-4F0B-885B-9E7D4C955EF0}.Release|x64.Build.0 = Release|Any CPU
		{0F5A664F-276F-4F0B-885B-9E7D4C955EF0}.Release|x86.ActiveCfg = Release|Any CPU
		{0F5A664F-276F-4F0B-885B-9E7D4C955EF0}.Release|x86.Build.0 = Release|Any CPU
		{6AED19E8-CC53-0AD0-E754-F161E2FCC6AF}.Debug|Any CPU.ActiveCfg = Debug|Any CPU
		{6AED19E8-CC53-0AD0-E754-F161E2FCC6AF}.Debug|Any CPU.Build.0 = Debug|Any CPU
		{6AED19E8-CC53-0AD0-E754-F161E2FCC6AF}.Debug|x64.ActiveCfg = Debug|Any CPU
		{6AED19E8-CC53-0AD0-E754-F161E2FCC6AF}.Debug|x64.Build.0 = Debug|Any CPU
		{6AED19E8-CC53-0AD0-E754-F161E2FCC6AF}.Debug|x86.ActiveCfg = Debug|Any CPU
		{6AED19E8-CC53-0AD0-E754-F161E2FCC6AF}.Debug|x86.Build.0 = Debug|Any CPU
		{6AED19E8-CC53-0AD0-E754-F161E2FCC6AF}.Release|Any CPU.ActiveCfg = Release|Any CPU
		{6AED19E8-CC53-0AD0-E754-F161E2FCC6AF}.Release|Any CPU.Build.0 = Release|Any CPU
		{6AED19E8-CC53-0AD0-E754-F161E2FCC6AF}.Release|x64.ActiveCfg = Release|Any CPU
		{6AED19E8-CC53-0AD0-E754-F161E2FCC6AF}.Release|x64.Build.0 = Release|Any CPU
		{6AED19E8-CC53-0AD0-E754-F161E2FCC6AF}.Release|x86.ActiveCfg = Release|Any CPU
		{6AED19E8-CC53-0AD0-E754-F161E2FCC6AF}.Release|x86.Build.0 = Release|Any CPU
		{74A985A2-E213-4BC6-843B-217D102A3D5C}.Debug|Any CPU.ActiveCfg = Debug|Any CPU
		{74A985A2-E213-4BC6-843B-217D102A3D5C}.Debug|Any CPU.Build.0 = Debug|Any CPU
		{74A985A2-E213-4BC6-843B-217D102A3D5C}.Debug|x64.ActiveCfg = Debug|Any CPU
		{74A985A2-E213-4BC6-843B-217D102A3D5C}.Debug|x64.Build.0 = Debug|Any CPU
		{74A985A2-E213-4BC6-843B-217D102A3D5C}.Debug|x86.ActiveCfg = Debug|Any CPU
		{74A985A2-E213-4BC6-843B-217D102A3D5C}.Debug|x86.Build.0 = Debug|Any CPU
		{74A985A2-E213-4BC6-843B-217D102A3D5C}.Release|Any CPU.ActiveCfg = Release|Any CPU
		{74A985A2-E213-4BC6-843B-217D102A3D5C}.Release|Any CPU.Build.0 = Release|Any CPU
		{74A985A2-E213-4BC6-843B-217D102A3D5C}.Release|x64.ActiveCfg = Release|Any CPU
		{74A985A2-E213-4BC6-843B-217D102A3D5C}.Release|x64.Build.0 = Release|Any CPU
		{74A985A2-E213-4BC6-843B-217D102A3D5C}.Release|x86.ActiveCfg = Release|Any CPU
		{74A985A2-E213-4BC6-843B-217D102A3D5C}.Release|x86.Build.0 = Release|Any CPU
		{AFA3C890-1DA3-FF08-3D4A-78CC837750C4}.Debug|Any CPU.ActiveCfg = Debug|Any CPU
		{AFA3C890-1DA3-FF08-3D4A-78CC837750C4}.Debug|Any CPU.Build.0 = Debug|Any CPU
		{AFA3C890-1DA3-FF08-3D4A-78CC837750C4}.Debug|x64.ActiveCfg = Debug|Any CPU
		{AFA3C890-1DA3-FF08-3D4A-78CC837750C4}.Debug|x64.Build.0 = Debug|Any CPU
		{AFA3C890-1DA3-FF08-3D4A-78CC837750C4}.Debug|x86.ActiveCfg = Debug|Any CPU
		{AFA3C890-1DA3-FF08-3D4A-78CC837750C4}.Debug|x86.Build.0 = Debug|Any CPU
		{AFA3C890-1DA3-FF08-3D4A-78CC837750C4}.Release|Any CPU.ActiveCfg = Release|Any CPU
		{AFA3C890-1DA3-FF08-3D4A-78CC837750C4}.Release|Any CPU.Build.0 = Release|Any CPU
		{AFA3C890-1DA3-FF08-3D4A-78CC837750C4}.Release|x64.ActiveCfg = Release|Any CPU
		{AFA3C890-1DA3-FF08-3D4A-78CC837750C4}.Release|x64.Build.0 = Release|Any CPU
		{AFA3C890-1DA3-FF08-3D4A-78CC837750C4}.Release|x86.ActiveCfg = Release|Any CPU
		{AFA3C890-1DA3-FF08-3D4A-78CC837750C4}.Release|x86.Build.0 = Release|Any CPU
		{1B368A05-901A-45BE-9804-AB5DDF1DAB5E}.Debug|Any CPU.ActiveCfg = Debug|Any CPU
		{1B368A05-901A-45BE-9804-AB5DDF1DAB5E}.Debug|Any CPU.Build.0 = Debug|Any CPU
		{1B368A05-901A-45BE-9804-AB5DDF1DAB5E}.Debug|x64.ActiveCfg = Debug|Any CPU
		{1B368A05-901A-45BE-9804-AB5DDF1DAB5E}.Debug|x64.Build.0 = Debug|Any CPU
		{1B368A05-901A-45BE-9804-AB5DDF1DAB5E}.Debug|x86.ActiveCfg = Debug|Any CPU
		{1B368A05-901A-45BE-9804-AB5DDF1DAB5E}.Debug|x86.Build.0 = Debug|Any CPU
		{1B368A05-901A-45BE-9804-AB5DDF1DAB5E}.Release|Any CPU.ActiveCfg = Release|Any CPU
		{1B368A05-901A-45BE-9804-AB5DDF1DAB5E}.Release|Any CPU.Build.0 = Release|Any CPU
		{1B368A05-901A-45BE-9804-AB5DDF1DAB5E}.Release|x64.ActiveCfg = Release|Any CPU
		{1B368A05-901A-45BE-9804-AB5DDF1DAB5E}.Release|x64.Build.0 = Release|Any CPU
		{1B368A05-901A-45BE-9804-AB5DDF1DAB5E}.Release|x86.ActiveCfg = Release|Any CPU
		{1B368A05-901A-45BE-9804-AB5DDF1DAB5E}.Release|x86.Build.0 = Release|Any CPU
		{9B154AA8-3AA7-4660-9991-0C57C6CB853B}.Debug|Any CPU.ActiveCfg = Debug|Any CPU
		{9B154AA8-3AA7-4660-9991-0C57C6CB853B}.Debug|Any CPU.Build.0 = Debug|Any CPU
		{9B154AA8-3AA7-4660-9991-0C57C6CB853B}.Debug|x64.ActiveCfg = Debug|Any CPU
		{9B154AA8-3AA7-4660-9991-0C57C6CB853B}.Debug|x64.Build.0 = Debug|Any CPU
		{9B154AA8-3AA7-4660-9991-0C57C6CB853B}.Debug|x86.ActiveCfg = Debug|Any CPU
		{9B154AA8-3AA7-4660-9991-0C57C6CB853B}.Debug|x86.Build.0 = Debug|Any CPU
		{9B154AA8-3AA7-4660-9991-0C57C6CB853B}.Release|Any CPU.ActiveCfg = Release|Any CPU
		{9B154AA8-3AA7-4660-9991-0C57C6CB853B}.Release|Any CPU.Build.0 = Release|Any CPU
		{9B154AA8-3AA7-4660-9991-0C57C6CB853B}.Release|x64.ActiveCfg = Release|Any CPU
		{9B154AA8-3AA7-4660-9991-0C57C6CB853B}.Release|x64.Build.0 = Release|Any CPU
		{9B154AA8-3AA7-4660-9991-0C57C6CB853B}.Release|x86.ActiveCfg = Release|Any CPU
		{9B154AA8-3AA7-4660-9991-0C57C6CB853B}.Release|x86.Build.0 = Release|Any CPU
		{4F082DF5-FC58-4DA3-AAE0-99DC9950FF2B}.Debug|Any CPU.ActiveCfg = Debug|Any CPU
		{4F082DF5-FC58-4DA3-AAE0-99DC9950FF2B}.Debug|Any CPU.Build.0 = Debug|Any CPU
		{4F082DF5-FC58-4DA3-AAE0-99DC9950FF2B}.Debug|x64.ActiveCfg = Debug|Any CPU
		{4F082DF5-FC58-4DA3-AAE0-99DC9950FF2B}.Debug|x64.Build.0 = Debug|Any CPU
		{4F082DF5-FC58-4DA3-AAE0-99DC9950FF2B}.Debug|x86.ActiveCfg = Debug|Any CPU
		{4F082DF5-FC58-4DA3-AAE0-99DC9950FF2B}.Debug|x86.Build.0 = Debug|Any CPU
		{4F082DF5-FC58-4DA3-AAE0-99DC9950FF2B}.Release|Any CPU.ActiveCfg = Release|Any CPU
		{4F082DF5-FC58-4DA3-AAE0-99DC9950FF2B}.Release|Any CPU.Build.0 = Release|Any CPU
		{4F082DF5-FC58-4DA3-AAE0-99DC9950FF2B}.Release|x64.ActiveCfg = Release|Any CPU
		{4F082DF5-FC58-4DA3-AAE0-99DC9950FF2B}.Release|x64.Build.0 = Release|Any CPU
		{4F082DF5-FC58-4DA3-AAE0-99DC9950FF2B}.Release|x86.ActiveCfg = Release|Any CPU
		{4F082DF5-FC58-4DA3-AAE0-99DC9950FF2B}.Release|x86.Build.0 = Release|Any CPU
		{09433C59-1890-43DC-84A7-B84D61156BB4}.Debug|Any CPU.ActiveCfg = Debug|Any CPU
		{09433C59-1890-43DC-84A7-B84D61156BB4}.Debug|Any CPU.Build.0 = Debug|Any CPU
		{09433C59-1890-43DC-84A7-B84D61156BB4}.Debug|x64.ActiveCfg = Debug|Any CPU
		{09433C59-1890-43DC-84A7-B84D61156BB4}.Debug|x64.Build.0 = Debug|Any CPU
		{09433C59-1890-43DC-84A7-B84D61156BB4}.Debug|x86.ActiveCfg = Debug|Any CPU
		{09433C59-1890-43DC-84A7-B84D61156BB4}.Debug|x86.Build.0 = Debug|Any CPU
		{09433C59-1890-43DC-84A7-B84D61156BB4}.Release|Any CPU.ActiveCfg = Release|Any CPU
		{09433C59-1890-43DC-84A7-B84D61156BB4}.Release|Any CPU.Build.0 = Release|Any CPU
		{09433C59-1890-43DC-84A7-B84D61156BB4}.Release|x64.ActiveCfg = Release|Any CPU
		{09433C59-1890-43DC-84A7-B84D61156BB4}.Release|x64.Build.0 = Release|Any CPU
		{09433C59-1890-43DC-84A7-B84D61156BB4}.Release|x86.ActiveCfg = Release|Any CPU
		{09433C59-1890-43DC-84A7-B84D61156BB4}.Release|x86.Build.0 = Release|Any CPU
		{15A55916-0CF7-41F4-B6A8-0A9F79D63014}.Debug|Any CPU.ActiveCfg = Debug|Any CPU
		{15A55916-0CF7-41F4-B6A8-0A9F79D63014}.Debug|Any CPU.Build.0 = Debug|Any CPU
		{15A55916-0CF7-41F4-B6A8-0A9F79D63014}.Debug|x64.ActiveCfg = Debug|Any CPU
		{15A55916-0CF7-41F4-B6A8-0A9F79D63014}.Debug|x64.Build.0 = Debug|Any CPU
		{15A55916-0CF7-41F4-B6A8-0A9F79D63014}.Debug|x86.ActiveCfg = Debug|Any CPU
		{15A55916-0CF7-41F4-B6A8-0A9F79D63014}.Debug|x86.Build.0 = Debug|Any CPU
		{15A55916-0CF7-41F4-B6A8-0A9F79D63014}.Release|Any CPU.ActiveCfg = Release|Any CPU
		{15A55916-0CF7-41F4-B6A8-0A9F79D63014}.Release|Any CPU.Build.0 = Release|Any CPU
		{15A55916-0CF7-41F4-B6A8-0A9F79D63014}.Release|x64.ActiveCfg = Release|Any CPU
		{15A55916-0CF7-41F4-B6A8-0A9F79D63014}.Release|x64.Build.0 = Release|Any CPU
		{15A55916-0CF7-41F4-B6A8-0A9F79D63014}.Release|x86.ActiveCfg = Release|Any CPU
		{15A55916-0CF7-41F4-B6A8-0A9F79D63014}.Release|x86.Build.0 = Release|Any CPU
		{47799AD4-4AFF-B680-00A8-C86E97DB8D8A}.Debug|Any CPU.ActiveCfg = Debug|Any CPU
		{47799AD4-4AFF-B680-00A8-C86E97DB8D8A}.Debug|Any CPU.Build.0 = Debug|Any CPU
		{47799AD4-4AFF-B680-00A8-C86E97DB8D8A}.Debug|x64.ActiveCfg = Debug|Any CPU
		{47799AD4-4AFF-B680-00A8-C86E97DB8D8A}.Debug|x64.Build.0 = Debug|Any CPU
		{47799AD4-4AFF-B680-00A8-C86E97DB8D8A}.Debug|x86.ActiveCfg = Debug|Any CPU
		{47799AD4-4AFF-B680-00A8-C86E97DB8D8A}.Debug|x86.Build.0 = Debug|Any CPU
		{47799AD4-4AFF-B680-00A8-C86E97DB8D8A}.Release|Any CPU.ActiveCfg = Release|Any CPU
		{47799AD4-4AFF-B680-00A8-C86E97DB8D8A}.Release|Any CPU.Build.0 = Release|Any CPU
		{47799AD4-4AFF-B680-00A8-C86E97DB8D8A}.Release|x64.ActiveCfg = Release|Any CPU
		{47799AD4-4AFF-B680-00A8-C86E97DB8D8A}.Release|x64.Build.0 = Release|Any CPU
		{47799AD4-4AFF-B680-00A8-C86E97DB8D8A}.Release|x86.ActiveCfg = Release|Any CPU
		{47799AD4-4AFF-B680-00A8-C86E97DB8D8A}.Release|x86.Build.0 = Release|Any CPU
		{F92EC5FC-52BB-38DB-831A-C00CA72CFF08}.Debug|Any CPU.ActiveCfg = Debug|Any CPU
		{F92EC5FC-52BB-38DB-831A-C00CA72CFF08}.Debug|Any CPU.Build.0 = Debug|Any CPU
		{F92EC5FC-52BB-38DB-831A-C00CA72CFF08}.Debug|x64.ActiveCfg = Debug|Any CPU
		{F92EC5FC-52BB-38DB-831A-C00CA72CFF08}.Debug|x64.Build.0 = Debug|Any CPU
		{F92EC5FC-52BB-38DB-831A-C00CA72CFF08}.Debug|x86.ActiveCfg = Debug|Any CPU
		{F92EC5FC-52BB-38DB-831A-C00CA72CFF08}.Debug|x86.Build.0 = Debug|Any CPU
		{F92EC5FC-52BB-38DB-831A-C00CA72CFF08}.Release|Any CPU.ActiveCfg = Release|Any CPU
		{F92EC5FC-52BB-38DB-831A-C00CA72CFF08}.Release|Any CPU.Build.0 = Release|Any CPU
		{F92EC5FC-52BB-38DB-831A-C00CA72CFF08}.Release|x64.ActiveCfg = Release|Any CPU
		{F92EC5FC-52BB-38DB-831A-C00CA72CFF08}.Release|x64.Build.0 = Release|Any CPU
		{F92EC5FC-52BB-38DB-831A-C00CA72CFF08}.Release|x86.ActiveCfg = Release|Any CPU
		{F92EC5FC-52BB-38DB-831A-C00CA72CFF08}.Release|x86.Build.0 = Release|Any CPU
		{83A27A49-009E-0782-A40B-B2D8ED70DA0A}.Debug|Any CPU.ActiveCfg = Debug|Any CPU
		{83A27A49-009E-0782-A40B-B2D8ED70DA0A}.Debug|Any CPU.Build.0 = Debug|Any CPU
		{83A27A49-009E-0782-A40B-B2D8ED70DA0A}.Debug|Any CPU.Deploy.0 = Debug|Any CPU
		{83A27A49-009E-0782-A40B-B2D8ED70DA0A}.Debug|x64.ActiveCfg = Debug|Any CPU
		{83A27A49-009E-0782-A40B-B2D8ED70DA0A}.Debug|x64.Build.0 = Debug|Any CPU
		{83A27A49-009E-0782-A40B-B2D8ED70DA0A}.Debug|x64.Deploy.0 = Debug|Any CPU
		{83A27A49-009E-0782-A40B-B2D8ED70DA0A}.Debug|x86.ActiveCfg = Debug|Any CPU
		{83A27A49-009E-0782-A40B-B2D8ED70DA0A}.Debug|x86.Build.0 = Debug|Any CPU
		{83A27A49-009E-0782-A40B-B2D8ED70DA0A}.Debug|x86.Deploy.0 = Debug|Any CPU
		{83A27A49-009E-0782-A40B-B2D8ED70DA0A}.Release|Any CPU.ActiveCfg = Release|Any CPU
		{83A27A49-009E-0782-A40B-B2D8ED70DA0A}.Release|Any CPU.Build.0 = Release|Any CPU
		{83A27A49-009E-0782-A40B-B2D8ED70DA0A}.Release|Any CPU.Deploy.0 = Release|Any CPU
		{83A27A49-009E-0782-A40B-B2D8ED70DA0A}.Release|x64.ActiveCfg = Release|Any CPU
		{83A27A49-009E-0782-A40B-B2D8ED70DA0A}.Release|x64.Build.0 = Release|Any CPU
		{83A27A49-009E-0782-A40B-B2D8ED70DA0A}.Release|x64.Deploy.0 = Release|Any CPU
		{83A27A49-009E-0782-A40B-B2D8ED70DA0A}.Release|x86.ActiveCfg = Release|Any CPU
		{83A27A49-009E-0782-A40B-B2D8ED70DA0A}.Release|x86.Build.0 = Release|Any CPU
		{83A27A49-009E-0782-A40B-B2D8ED70DA0A}.Release|x86.Deploy.0 = Release|Any CPU
		{0BE54E42-210C-9D49-CB45-6A688B20CA5C}.Debug|Any CPU.ActiveCfg = Debug|Any CPU
		{0BE54E42-210C-9D49-CB45-6A688B20CA5C}.Debug|Any CPU.Build.0 = Debug|Any CPU
		{0BE54E42-210C-9D49-CB45-6A688B20CA5C}.Debug|Any CPU.Deploy.0 = Debug|Any CPU
		{0BE54E42-210C-9D49-CB45-6A688B20CA5C}.Debug|x64.ActiveCfg = Debug|Any CPU
		{0BE54E42-210C-9D49-CB45-6A688B20CA5C}.Debug|x64.Build.0 = Debug|Any CPU
		{0BE54E42-210C-9D49-CB45-6A688B20CA5C}.Debug|x64.Deploy.0 = Debug|Any CPU
		{0BE54E42-210C-9D49-CB45-6A688B20CA5C}.Debug|x86.ActiveCfg = Debug|Any CPU
		{0BE54E42-210C-9D49-CB45-6A688B20CA5C}.Debug|x86.Build.0 = Debug|Any CPU
		{0BE54E42-210C-9D49-CB45-6A688B20CA5C}.Debug|x86.Deploy.0 = Debug|Any CPU
		{0BE54E42-210C-9D49-CB45-6A688B20CA5C}.Release|Any CPU.ActiveCfg = Release|Any CPU
		{0BE54E42-210C-9D49-CB45-6A688B20CA5C}.Release|Any CPU.Build.0 = Release|Any CPU
		{0BE54E42-210C-9D49-CB45-6A688B20CA5C}.Release|Any CPU.Deploy.0 = Release|Any CPU
		{0BE54E42-210C-9D49-CB45-6A688B20CA5C}.Release|x64.ActiveCfg = Release|Any CPU
		{0BE54E42-210C-9D49-CB45-6A688B20CA5C}.Release|x64.Build.0 = Release|Any CPU
		{0BE54E42-210C-9D49-CB45-6A688B20CA5C}.Release|x64.Deploy.0 = Release|Any CPU
		{0BE54E42-210C-9D49-CB45-6A688B20CA5C}.Release|x86.ActiveCfg = Release|Any CPU
		{0BE54E42-210C-9D49-CB45-6A688B20CA5C}.Release|x86.Build.0 = Release|Any CPU
		{0BE54E42-210C-9D49-CB45-6A688B20CA5C}.Release|x86.Deploy.0 = Release|Any CPU
		{CE78B057-AC6E-F870-96C8-DAF1A484BF0D}.Debug|Any CPU.ActiveCfg = Debug|Any CPU
		{CE78B057-AC6E-F870-96C8-DAF1A484BF0D}.Debug|Any CPU.Build.0 = Debug|Any CPU
		{CE78B057-AC6E-F870-96C8-DAF1A484BF0D}.Debug|Any CPU.Deploy.0 = Debug|Any CPU
		{CE78B057-AC6E-F870-96C8-DAF1A484BF0D}.Debug|x64.ActiveCfg = Debug|Any CPU
		{CE78B057-AC6E-F870-96C8-DAF1A484BF0D}.Debug|x64.Build.0 = Debug|Any CPU
		{CE78B057-AC6E-F870-96C8-DAF1A484BF0D}.Debug|x64.Deploy.0 = Debug|Any CPU
		{CE78B057-AC6E-F870-96C8-DAF1A484BF0D}.Debug|x86.ActiveCfg = Debug|Any CPU
		{CE78B057-AC6E-F870-96C8-DAF1A484BF0D}.Debug|x86.Build.0 = Debug|Any CPU
		{CE78B057-AC6E-F870-96C8-DAF1A484BF0D}.Debug|x86.Deploy.0 = Debug|Any CPU
		{CE78B057-AC6E-F870-96C8-DAF1A484BF0D}.Release|Any CPU.ActiveCfg = Release|Any CPU
		{CE78B057-AC6E-F870-96C8-DAF1A484BF0D}.Release|Any CPU.Build.0 = Release|Any CPU
		{CE78B057-AC6E-F870-96C8-DAF1A484BF0D}.Release|Any CPU.Deploy.0 = Release|Any CPU
		{CE78B057-AC6E-F870-96C8-DAF1A484BF0D}.Release|x64.ActiveCfg = Release|Any CPU
		{CE78B057-AC6E-F870-96C8-DAF1A484BF0D}.Release|x64.Build.0 = Release|Any CPU
		{CE78B057-AC6E-F870-96C8-DAF1A484BF0D}.Release|x64.Deploy.0 = Release|Any CPU
		{CE78B057-AC6E-F870-96C8-DAF1A484BF0D}.Release|x86.ActiveCfg = Release|Any CPU
		{CE78B057-AC6E-F870-96C8-DAF1A484BF0D}.Release|x86.Build.0 = Release|Any CPU
		{CE78B057-AC6E-F870-96C8-DAF1A484BF0D}.Release|x86.Deploy.0 = Release|Any CPU
		{32E89261-929C-1752-22B1-39E773A6A1E5}.Debug|Any CPU.ActiveCfg = Debug|Any CPU
		{32E89261-929C-1752-22B1-39E773A6A1E5}.Debug|Any CPU.Build.0 = Debug|Any CPU
		{32E89261-929C-1752-22B1-39E773A6A1E5}.Debug|Any CPU.Deploy.0 = Debug|Any CPU
		{32E89261-929C-1752-22B1-39E773A6A1E5}.Debug|x64.ActiveCfg = Debug|Any CPU
		{32E89261-929C-1752-22B1-39E773A6A1E5}.Debug|x64.Build.0 = Debug|Any CPU
		{32E89261-929C-1752-22B1-39E773A6A1E5}.Debug|x64.Deploy.0 = Debug|Any CPU
		{32E89261-929C-1752-22B1-39E773A6A1E5}.Debug|x86.ActiveCfg = Debug|Any CPU
		{32E89261-929C-1752-22B1-39E773A6A1E5}.Debug|x86.Build.0 = Debug|Any CPU
		{32E89261-929C-1752-22B1-39E773A6A1E5}.Debug|x86.Deploy.0 = Debug|Any CPU
		{32E89261-929C-1752-22B1-39E773A6A1E5}.Release|Any CPU.ActiveCfg = Release|Any CPU
		{32E89261-929C-1752-22B1-39E773A6A1E5}.Release|Any CPU.Build.0 = Release|Any CPU
		{32E89261-929C-1752-22B1-39E773A6A1E5}.Release|Any CPU.Deploy.0 = Release|Any CPU
		{32E89261-929C-1752-22B1-39E773A6A1E5}.Release|x64.ActiveCfg = Release|Any CPU
		{32E89261-929C-1752-22B1-39E773A6A1E5}.Release|x64.Build.0 = Release|Any CPU
		{32E89261-929C-1752-22B1-39E773A6A1E5}.Release|x64.Deploy.0 = Release|Any CPU
		{32E89261-929C-1752-22B1-39E773A6A1E5}.Release|x86.ActiveCfg = Release|Any CPU
		{32E89261-929C-1752-22B1-39E773A6A1E5}.Release|x86.Build.0 = Release|Any CPU
		{32E89261-929C-1752-22B1-39E773A6A1E5}.Release|x86.Deploy.0 = Release|Any CPU
		{7230166C-27AE-BCC1-3F06-47537C2FD724}.Debug|Any CPU.ActiveCfg = Debug|Any CPU
		{7230166C-27AE-BCC1-3F06-47537C2FD724}.Debug|Any CPU.Build.0 = Debug|Any CPU
		{7230166C-27AE-BCC1-3F06-47537C2FD724}.Debug|Any CPU.Deploy.0 = Debug|Any CPU
		{7230166C-27AE-BCC1-3F06-47537C2FD724}.Debug|x64.ActiveCfg = Debug|Any CPU
		{7230166C-27AE-BCC1-3F06-47537C2FD724}.Debug|x64.Build.0 = Debug|Any CPU
		{7230166C-27AE-BCC1-3F06-47537C2FD724}.Debug|x64.Deploy.0 = Debug|Any CPU
		{7230166C-27AE-BCC1-3F06-47537C2FD724}.Debug|x86.ActiveCfg = Debug|Any CPU
		{7230166C-27AE-BCC1-3F06-47537C2FD724}.Debug|x86.Build.0 = Debug|Any CPU
		{7230166C-27AE-BCC1-3F06-47537C2FD724}.Debug|x86.Deploy.0 = Debug|Any CPU
		{7230166C-27AE-BCC1-3F06-47537C2FD724}.Release|Any CPU.ActiveCfg = Release|Any CPU
		{7230166C-27AE-BCC1-3F06-47537C2FD724}.Release|Any CPU.Build.0 = Release|Any CPU
		{7230166C-27AE-BCC1-3F06-47537C2FD724}.Release|Any CPU.Deploy.0 = Release|Any CPU
		{7230166C-27AE-BCC1-3F06-47537C2FD724}.Release|x64.ActiveCfg = Release|Any CPU
		{7230166C-27AE-BCC1-3F06-47537C2FD724}.Release|x64.Build.0 = Release|Any CPU
		{7230166C-27AE-BCC1-3F06-47537C2FD724}.Release|x64.Deploy.0 = Release|Any CPU
		{7230166C-27AE-BCC1-3F06-47537C2FD724}.Release|x86.ActiveCfg = Release|Any CPU
		{7230166C-27AE-BCC1-3F06-47537C2FD724}.Release|x86.Build.0 = Release|Any CPU
		{7230166C-27AE-BCC1-3F06-47537C2FD724}.Release|x86.Deploy.0 = Release|Any CPU
		{A43274DA-FDFE-2D69-B60D-07826D881AD5}.Debug|Any CPU.ActiveCfg = Debug|Any CPU
		{A43274DA-FDFE-2D69-B60D-07826D881AD5}.Debug|Any CPU.Build.0 = Debug|Any CPU
		{A43274DA-FDFE-2D69-B60D-07826D881AD5}.Debug|Any CPU.Deploy.0 = Debug|Any CPU
		{A43274DA-FDFE-2D69-B60D-07826D881AD5}.Debug|x64.ActiveCfg = Debug|Any CPU
		{A43274DA-FDFE-2D69-B60D-07826D881AD5}.Debug|x64.Build.0 = Debug|Any CPU
		{A43274DA-FDFE-2D69-B60D-07826D881AD5}.Debug|x64.Deploy.0 = Debug|Any CPU
		{A43274DA-FDFE-2D69-B60D-07826D881AD5}.Debug|x86.ActiveCfg = Debug|Any CPU
		{A43274DA-FDFE-2D69-B60D-07826D881AD5}.Debug|x86.Build.0 = Debug|Any CPU
		{A43274DA-FDFE-2D69-B60D-07826D881AD5}.Debug|x86.Deploy.0 = Debug|Any CPU
		{A43274DA-FDFE-2D69-B60D-07826D881AD5}.Release|Any CPU.ActiveCfg = Release|Any CPU
		{A43274DA-FDFE-2D69-B60D-07826D881AD5}.Release|Any CPU.Build.0 = Release|Any CPU
		{A43274DA-FDFE-2D69-B60D-07826D881AD5}.Release|Any CPU.Deploy.0 = Release|Any CPU
		{A43274DA-FDFE-2D69-B60D-07826D881AD5}.Release|x64.ActiveCfg = Release|Any CPU
		{A43274DA-FDFE-2D69-B60D-07826D881AD5}.Release|x64.Build.0 = Release|Any CPU
		{A43274DA-FDFE-2D69-B60D-07826D881AD5}.Release|x64.Deploy.0 = Release|Any CPU
		{A43274DA-FDFE-2D69-B60D-07826D881AD5}.Release|x86.ActiveCfg = Release|Any CPU
		{A43274DA-FDFE-2D69-B60D-07826D881AD5}.Release|x86.Build.0 = Release|Any CPU
		{A43274DA-FDFE-2D69-B60D-07826D881AD5}.Release|x86.Deploy.0 = Release|Any CPU
		{E4BE8C23-953B-D17B-9311-77A97F07A64C}.Debug|Any CPU.ActiveCfg = Debug|Any CPU
		{E4BE8C23-953B-D17B-9311-77A97F07A64C}.Debug|Any CPU.Build.0 = Debug|Any CPU
		{E4BE8C23-953B-D17B-9311-77A97F07A64C}.Debug|x64.ActiveCfg = Debug|Any CPU
		{E4BE8C23-953B-D17B-9311-77A97F07A64C}.Debug|x64.Build.0 = Debug|Any CPU
		{E4BE8C23-953B-D17B-9311-77A97F07A64C}.Debug|x86.ActiveCfg = Debug|Any CPU
		{E4BE8C23-953B-D17B-9311-77A97F07A64C}.Debug|x86.Build.0 = Debug|Any CPU
		{E4BE8C23-953B-D17B-9311-77A97F07A64C}.Release|Any CPU.ActiveCfg = Release|Any CPU
		{E4BE8C23-953B-D17B-9311-77A97F07A64C}.Release|Any CPU.Build.0 = Release|Any CPU
		{E4BE8C23-953B-D17B-9311-77A97F07A64C}.Release|x64.ActiveCfg = Release|Any CPU
		{E4BE8C23-953B-D17B-9311-77A97F07A64C}.Release|x64.Build.0 = Release|Any CPU
		{E4BE8C23-953B-D17B-9311-77A97F07A64C}.Release|x86.ActiveCfg = Release|Any CPU
		{E4BE8C23-953B-D17B-9311-77A97F07A64C}.Release|x86.Build.0 = Release|Any CPU
	EndGlobalSection
	GlobalSection(SolutionProperties) = preSolution
		HideSolutionNode = FALSE
	EndGlobalSection
	GlobalSection(NestedProjects) = preSolution
		{8EBD88BD-D408-4ADD-A942-FBF05D28DDAD} = {65DBD68F-F13D-4F6A-919F-2D3E385359C3}
		{671CD9B4-A606-65CB-FF18-DFCE46A19442} = {65DBD68F-F13D-4F6A-919F-2D3E385359C3}
		{99046452-2502-15EB-3A85-1FCA0E4AB93A} = {8EBD88BD-D408-4ADD-A942-FBF05D28DDAD}
		{BB6A68B7-A018-BB9F-1E32-9FCEA2624890} = {8EBD88BD-D408-4ADD-A942-FBF05D28DDAD}
		{5ECF7476-A56A-D981-6AAE-2AF747E86520} = {8EBD88BD-D408-4ADD-A942-FBF05D28DDAD}
		{94BDFB34-0194-4E79-B808-68CDC8F54DA3} = {8EBD88BD-D408-4ADD-A942-FBF05D28DDAD}
		{7EC4D6F1-B4B6-199C-8912-AB86C15D4947} = {8D626EA8-CB54-BC41-363A-217881BEBA6E}
		{95D0A274-C906-47F5-A0A3-D83A9CACCF2E} = {7EC4D6F1-B4B6-199C-8912-AB86C15D4947}
		{DB1B1ECE-3654-4C80-95E4-067C3530721D} = {7EC4D6F1-B4B6-199C-8912-AB86C15D4947}
		{0F5A664F-276F-4F0B-885B-9E7D4C955EF0} = {B5512AA7-7B9B-1802-74DB-5DED17EB80F5}
		{6AED19E8-CC53-0AD0-E754-F161E2FCC6AF} = {B5512AA7-7B9B-1802-74DB-5DED17EB80F5}
		{2CDDF983-CE19-4E54-B9EE-AD516C61A0EC} = {8D626EA8-CB54-BC41-363A-217881BEBA6E}
		{74A985A2-E213-4BC6-843B-217D102A3D5C} = {2CDDF983-CE19-4E54-B9EE-AD516C61A0EC}
		{AFA3C890-1DA3-FF08-3D4A-78CC837750C4} = {2CDDF983-CE19-4E54-B9EE-AD516C61A0EC}
		{1B368A05-901A-45BE-9804-AB5DDF1DAB5E} = {C2CC73F8-5E64-453D-A776-FC272CC96C3C}
		{9B154AA8-3AA7-4660-9991-0C57C6CB853B} = {C2CC73F8-5E64-453D-A776-FC272CC96C3C}
		{4F082DF5-FC58-4DA3-AAE0-99DC9950FF2B} = {C2CC73F8-5E64-453D-A776-FC272CC96C3C}
		{09433C59-1890-43DC-84A7-B84D61156BB4} = {C2CC73F8-5E64-453D-A776-FC272CC96C3C}
		{15A55916-0CF7-41F4-B6A8-0A9F79D63014} = {D400ABC1-9CDA-49C9-A359-643C156A482B}
		{C2CC73F8-5E64-453D-A776-FC272CC96C3C} = {D400ABC1-9CDA-49C9-A359-643C156A482B}
		{8EA60131-525E-48DF-B185-DA39D71B98A6} = {41500286-EC99-4144-8C50-FA625976875B}
		{95CFD9E7-C394-48AC-9D21-0EFCB6906B26} = {8EA60131-525E-48DF-B185-DA39D71B98A6}
		{E0A97513-5AAE-48F4-9003-A20590D17987} = {8EA60131-525E-48DF-B185-DA39D71B98A6}
		{9829B496-9192-4C63-818D-3215BEEC6C95} = {E0A97513-5AAE-48F4-9003-A20590D17987}
		{5BC93B6D-01A6-4149-B26F-E99697576B88} = {8EA60131-525E-48DF-B185-DA39D71B98A6}
		{47799AD4-4AFF-B680-00A8-C86E97DB8D8A} = {C2CC73F8-5E64-453D-A776-FC272CC96C3C}
		{FDEA5C75-B353-4453-8049-848975D82BB2} = {8D626EA8-CB54-BC41-363A-217881BEBA6E}
		{F92EC5FC-52BB-38DB-831A-C00CA72CFF08} = {FDEA5C75-B353-4453-8049-848975D82BB2}
		{83A27A49-009E-0782-A40B-B2D8ED70DA0A} = {02EA681E-C7D8-13C7-8484-4AC65E1B71E8}
		{0BE54E42-210C-9D49-CB45-6A688B20CA5C} = {02EA681E-C7D8-13C7-8484-4AC65E1B71E8}
		{CE78B057-AC6E-F870-96C8-DAF1A484BF0D} = {02EA681E-C7D8-13C7-8484-4AC65E1B71E8}
		{32E89261-929C-1752-22B1-39E773A6A1E5} = {02EA681E-C7D8-13C7-8484-4AC65E1B71E8}
		{7230166C-27AE-BCC1-3F06-47537C2FD724} = {02EA681E-C7D8-13C7-8484-4AC65E1B71E8}
		{A43274DA-FDFE-2D69-B60D-07826D881AD5} = {02EA681E-C7D8-13C7-8484-4AC65E1B71E8}
	EndGlobalSection
	GlobalSection(ExtensibilityGlobals) = postSolution
		SolutionGuid = {C074C67E-A13B-4F7B-A375-8EC8A5BDFC1F}
	EndGlobalSection
EndGlobal
